
Microsoft Visual Studio Solution File, Format Version 12.00
# Visual Studio Version 17
VisualStudioVersion = 17.8.34330.188
MinimumVisualStudioVersion = 10.0.40219.1
Project("{FAE04EC0-301F-11D3-BF4B-00C04F79EFBC}") = "OOP_Praktik7", "OOP_Praktik7\OOP_Praktik7.csproj", "{22BCB1DA-205E-4F0F-A5C3-2602BA0A5AF3}"
EndProject
Global
	GlobalSection(SolutionConfigurationPlatforms) = preSolution
		Debug|Any CPU = Debug|Any CPU
		Release|Any CPU = Release|Any CPU
	EndGlobalSection
	GlobalSection(ProjectConfigurationPlatforms) = postSolution
		{22BCB1DA-205E-4F0F-A5C3-2602BA0A5AF3}.Debug|Any CPU.ActiveCfg = Debug|Any CPU
		{22BCB1DA-205E-4F0F-A5C3-2602BA0A5AF3}.Debug|Any CPU.Build.0 = Debug|Any CPU
		{22BCB1DA-205E-4F0F-A5C3-2602BA0A5AF3}.Release|Any CPU.ActiveCfg = Release|Any CPU
		{22BCB1DA-205E-4F0F-A5C3-2602BA0A5AF3}.Release|Any CPU.Build.0 = Release|Any CPU
	EndGlobalSection
	GlobalSection(SolutionProperties) = preSolution
		HideSolutionNode = FALSE
	EndGlobalSection
	GlobalSection(ExtensibilityGlobals) = postSolution
		SolutionGuid = {FBFB8B38-902F-4CC7-872D-60A34759EB7A}
	EndGlobalSection
EndGlobal
